
Microsoft Visual Studio Solution File, Format Version 11.00
# Visual Studio 2010
Project("{FAE04EC0-301F-11D3-BF4B-00C04F79EFBC}") = "Oculus.Platform", "Oculus.Platform.csproj", "{a059fab8-1ac9-06bb-f644-5bed6e4af975}"
EndProject
Project("{FAE04EC0-301F-11D3-BF4B-00C04F79EFBC}") = "Assembly-CSharp", "Assembly-CSharp.csproj", "{78aeb804-773b-3061-04be-af54a0de1a36}"
EndProject
Project("{FAE04EC0-301F-11D3-BF4B-00C04F79EFBC}") = "Oculus.VR", "Oculus.VR.csproj", "{806e9aa6-35eb-b122-93f6-0077256d90ea}"
EndProject
Project("{FAE04EC0-301F-11D3-BF4B-00C04F79EFBC}") = "Oculus.LipSync", "Oculus.LipSync.csproj", "{377aa76f-d7c2-3861-35f1-346962ff2efe}"
EndProject
Project("{FAE04EC0-301F-11D3-BF4B-00C04F79EFBC}") = "Assembly-CSharp-Editor", "Assembly-CSharp-Editor.csproj", "{51fe8ba3-100c-4db9-ca96-39823d08cf55}"
EndProject
Project("{FAE04EC0-301F-11D3-BF4B-00C04F79EFBC}") = "Oculus.VR.Editor", "Oculus.VR.Editor.csproj", "{fb7c73fa-10d0-9c8d-1c24-e711360c8fc4}"
EndProject
Project("{FAE04EC0-301F-11D3-BF4B-00C04F79EFBC}") = "Oculus.Platform.Editor", "Oculus.Platform.Editor.csproj", "{fe681f04-12db-2edc-9d4e-f42365adb2db}"
EndProject
Project("{FAE04EC0-301F-11D3-BF4B-00C04F79EFBC}") = "Oculus.VR.Scripts.Editor", "Oculus.VR.Scripts.Editor.csproj", "{1e0c076d-fb24-989c-d8fe-817b2a82407d}"
EndProject
Project("{FAE04EC0-301F-11D3-BF4B-00C04F79EFBC}") = "Oculus.LipSync.Editor", "Oculus.LipSync.Editor.csproj", "{a2c3f426-a755-1358-a514-c741f39220ac}"
EndProject
Global
	GlobalSection(SolutionConfigurationPlatforms) = preSolution
		Debug|Any CPU = Debug|Any CPU
	EndGlobalSection
	GlobalSection(ProjectConfigurationPlatforms) = postSolution
		{a059fab8-1ac9-06bb-f644-5bed6e4af975}.Debug|Any CPU.ActiveCfg = Debug|Any CPU
		{a059fab8-1ac9-06bb-f644-5bed6e4af975}.Debug|Any CPU.Build.0 = Debug|Any CPU
		{78aeb804-773b-3061-04be-af54a0de1a36}.Debug|Any CPU.ActiveCfg = Debug|Any CPU
		{78aeb804-773b-3061-04be-af54a0de1a36}.Debug|Any CPU.Build.0 = Debug|Any CPU
		{806e9aa6-35eb-b122-93f6-0077256d90ea}.Debug|Any CPU.ActiveCfg = Debug|Any CPU
		{806e9aa6-35eb-b122-93f6-0077256d90ea}.Debug|Any CPU.Build.0 = Debug|Any CPU
		{377aa76f-d7c2-3861-35f1-346962ff2efe}.Debug|Any CPU.ActiveCfg = Debug|Any CPU
		{377aa76f-d7c2-3861-35f1-346962ff2efe}.Debug|Any CPU.Build.0 = Debug|Any CPU
		{51fe8ba3-100c-4db9-ca96-39823d08cf55}.Debug|Any CPU.ActiveCfg = Debug|Any CPU
		{51fe8ba3-100c-4db9-ca96-39823d08cf55}.Debug|Any CPU.Build.0 = Debug|Any CPU
		{fb7c73fa-10d0-9c8d-1c24-e711360c8fc4}.Debug|Any CPU.ActiveCfg = Debug|Any CPU
		{fb7c73fa-10d0-9c8d-1c24-e711360c8fc4}.Debug|Any CPU.Build.0 = Debug|Any CPU
		{fe681f04-12db-2edc-9d4e-f42365adb2db}.Debug|Any CPU.ActiveCfg = Debug|Any CPU
		{fe681f04-12db-2edc-9d4e-f42365adb2db}.Debug|Any CPU.Build.0 = Debug|Any CPU
		{1e0c076d-fb24-989c-d8fe-817b2a82407d}.Debug|Any CPU.ActiveCfg = Debug|Any CPU
		{1e0c076d-fb24-989c-d8fe-817b2a82407d}.Debug|Any CPU.Build.0 = Debug|Any CPU
		{a2c3f426-a755-1358-a514-c741f39220ac}.Debug|Any CPU.ActiveCfg = Debug|Any CPU
		{a2c3f426-a755-1358-a514-c741f39220ac}.Debug|Any CPU.Build.0 = Debug|Any CPU
	EndGlobalSection
	GlobalSection(SolutionProperties) = preSolution
		HideSolutionNode = FALSE
	EndGlobalSection
EndGlobal
